
Microsoft Visual Studio Solution File, Format Version 12.00
# Visual Studio Version 17
VisualStudioVersion = 17.4.33103.184
MinimumVisualStudioVersion = 10.0.40219.1
Project("{2150E333-8FDC-42A3-9474-1A3956D46DE8}") = "Services", "Services", "{DC439F62-1D46-4961-BB13-A5D489C074E0}"
EndProject
Project("{2150E333-8FDC-42A3-9474-1A3956D46DE8}") = "Catalog", "Catalog", "{BD3B6964-6703-4314-9C04-265BC8EA77C1}"
EndProject
Project("{9A19103F-16F7-4668-BE54-9A1E7A4F7556}") = "Catalog.API", "Services\Catalog\Catalog.API\Catalog.API.csproj", "{E1C4E215-F3F2-429B-98B9-FBC22560F2E1}"
EndProject
Project("{E53339B2-1760-4266-BCC7-CA923CBCF16C}") = "docker-compose", "docker-compose.dcproj", "{A8FE8EFB-1790-41F1-8710-14B75F96F2AC}"
EndProject
Project("{2150E333-8FDC-42A3-9474-1A3956D46DE8}") = "Basket", "Basket", "{116FE096-4E26-4A5B-A2B3-0DD114970C1E}"
EndProject
Project("{9A19103F-16F7-4668-BE54-9A1E7A4F7556}") = "Basket.API", "Services\Basket\Basket.API\Basket.API.csproj", "{0FD31778-F1DB-47F3-A0E8-E590EBD3E83E}"
EndProject
Project("{2150E333-8FDC-42A3-9474-1A3956D46DE8}") = "Discount", "Discount", "{160FEEE4-32ED-4847-9FE4-839E8ABDEBF3}"
EndProject
Project("{FAE04EC0-301F-11D3-BF4B-00C04F79EFBC}") = "Discount.API", "Services\Discount\Discount.API\Discount.API.csproj", "{B2EFB6CB-1093-4C47-A49E-76FFE9C869A4}"
EndProject
Global
	GlobalSection(SolutionConfigurationPlatforms) = preSolution
		Debug|Any CPU = Debug|Any CPU
		Release|Any CPU = Release|Any CPU
	EndGlobalSection
	GlobalSection(ProjectConfigurationPlatforms) = postSolution
		{E1C4E215-F3F2-429B-98B9-FBC22560F2E1}.Debug|Any CPU.ActiveCfg = Debug|Any CPU
		{E1C4E215-F3F2-429B-98B9-FBC22560F2E1}.Debug|Any CPU.Build.0 = Debug|Any CPU
		{E1C4E215-F3F2-429B-98B9-FBC22560F2E1}.Release|Any CPU.ActiveCfg = Release|Any CPU
		{E1C4E215-F3F2-429B-98B9-FBC22560F2E1}.Release|Any CPU.Build.0 = Release|Any CPU
		{A8FE8EFB-1790-41F1-8710-14B75F96F2AC}.Debug|Any CPU.ActiveCfg = Debug|Any CPU
		{A8FE8EFB-1790-41F1-8710-14B75F96F2AC}.Debug|Any CPU.Build.0 = Debug|Any CPU
		{A8FE8EFB-1790-41F1-8710-14B75F96F2AC}.Release|Any CPU.ActiveCfg = Release|Any CPU
		{A8FE8EFB-1790-41F1-8710-14B75F96F2AC}.Release|Any CPU.Build.0 = Release|Any CPU
		{0FD31778-F1DB-47F3-A0E8-E590EBD3E83E}.Debug|Any CPU.ActiveCfg = Debug|Any CPU
		{0FD31778-F1DB-47F3-A0E8-E590EBD3E83E}.Debug|Any CPU.Build.0 = Debug|Any CPU
		{0FD31778-F1DB-47F3-A0E8-E590EBD3E83E}.Release|Any CPU.ActiveCfg = Release|Any CPU
		{0FD31778-F1DB-47F3-A0E8-E590EBD3E83E}.Release|Any CPU.Build.0 = Release|Any CPU
		{B2EFB6CB-1093-4C47-A49E-76FFE9C869A4}.Debug|Any CPU.ActiveCfg = Debug|Any CPU
		{B2EFB6CB-1093-4C47-A49E-76FFE9C869A4}.Debug|Any CPU.Build.0 = Debug|Any CPU
		{B2EFB6CB-1093-4C47-A49E-76FFE9C869A4}.Release|Any CPU.ActiveCfg = Release|Any CPU
		{B2EFB6CB-1093-4C47-A49E-76FFE9C869A4}.Release|Any CPU.Build.0 = Release|Any CPU
	EndGlobalSection
	GlobalSection(SolutionProperties) = preSolution
		HideSolutionNode = FALSE
	EndGlobalSection
	GlobalSection(NestedProjects) = preSolution
		{BD3B6964-6703-4314-9C04-265BC8EA77C1} = {DC439F62-1D46-4961-BB13-A5D489C074E0}
		{E1C4E215-F3F2-429B-98B9-FBC22560F2E1} = {BD3B6964-6703-4314-9C04-265BC8EA77C1}
		{116FE096-4E26-4A5B-A2B3-0DD114970C1E} = {DC439F62-1D46-4961-BB13-A5D489C074E0}
		{0FD31778-F1DB-47F3-A0E8-E590EBD3E83E} = {116FE096-4E26-4A5B-A2B3-0DD114970C1E}
		{160FEEE4-32ED-4847-9FE4-839E8ABDEBF3} = {DC439F62-1D46-4961-BB13-A5D489C074E0}
		{B2EFB6CB-1093-4C47-A49E-76FFE9C869A4} = {160FEEE4-32ED-4847-9FE4-839E8ABDEBF3}
	EndGlobalSection
	GlobalSection(ExtensibilityGlobals) = postSolution
		SolutionGuid = {4A17400B-DEA0-4FBF-BD53-5E73F568AF64}
	EndGlobalSection
EndGlobal
